Microsoft Visual Studio Solution File, Format Version 12.00
# Visual Studio Version 17
VisualStudioVersion = 17.5.2.0
MinimumVisualStudioVersion = 10.0.40219.1
Project("{FAE04EC0-301F-11D3-BF4B-00C04F79EFBC}") = "sampleWebApi", "sampleWebApi.csproj", "{3162BD16-467A-7F6E-ADFA-2345E749D541}"
EndProject
Global
	GlobalSection(SolutionConfigurationPlatforms) = preSolution
		Debug|Any CPU = Debug|Any CPU
		Release|Any CPU = Release|Any CPU
	EndGlobalSection
	GlobalSection(ProjectConfigurationPlatforms) = postSolution
		{3162BD16-467A-7F6E-ADFA-2345E749D541}.Debug|Any CPU.ActiveCfg = Debug|Any CPU
		{3162BD16-467A-7F6E-ADFA-2345E749D541}.Debug|Any CPU.Build.0 = Debug|Any CPU
		{3162BD16-467A-7F6E-ADFA-2345E749D541}.Release|Any CPU.ActiveCfg = Release|Any CPU
		{3162BD16-467A-7F6E-ADFA-2345E749D541}.Release|Any CPU.Build.0 = Release|Any CPU
	EndGlobalSection
	GlobalSection(SolutionProperties) = preSolution
		HideSolutionNode = FALSE
	EndGlobalSection
	GlobalSection(ExtensibilityGlobals) = postSolution
		SolutionGuid = {2BB6ED80-588E-4CA2-97AB-E7FC502420DD}
	EndGlobalSection
EndGlobal
